{
  "R": {
    "Version": "4.4.1",
    "Repositories": [
      {
        "Name": "BioCsoft",
        "URL": "https://bioconductor.org/packages/3.20/bioc"
      },
      {
        "Name": "BioCann",
        "URL": "https://bioconductor.org/packages/3.20/data/annotation"
      },
      {
        "Name": "CRAN",
        "URL": "https://packagemanager.posit.co/cran/latest"
      }
    ]
  },
  "Bioconductor": {
    "Version": "3.20"
  },
  "Packages": {
    "BiocGenerics": {
      "Package": "BiocGenerics",
      "Version": "0.52.0",
      "Source": "Bioconductor",
      "Repository": "Bioconductor 3.20"
    },
    "S4Vectors": {
      "Package": "S4Vectors",
      "Version": "0.44.0",
      "Source": "Bioconductor",
      "Repository": "Bioconductor 3.20"
    },
    "IRanges": {
      "Package": "IRanges",
      "Version": "2.40.0",
      "Source": "Bioconductor",
      "Repository": "Bioconductor 3.20"
    },
    "GenomeInfoDb": {
      "Package": "GenomeInfoDb",
      "Version": "1.42.0",
      "Source": "Bioconductor",
      "Repository": "Bioconductor 3.20"
    },
    "MatrixGenerics": {
      "Package": "MatrixGenerics",
      "Version": "1.18.0",
      "Source": "Bioconductor",
      "Repository": "Bioconductor 3.20"
    },
    "Biobase": {
      "Package": "Biobase",
      "Version": "2.66.0",
      "Source": "Bioconductor",
      "Repository": "Bioconductor 3.20"
    },
    "GenomicRanges": {
      "Package": "GenomicRanges",
      "Version": "1.58.0",
      "Source": "Bioconductor",
      "Repository": "Bioconductor 3.20"
    },
    "SummarizedExperiment": {
      "Package": "SummarizedExperiment",
      "Version": "1.36.0",
      "Source": "Bioconductor",
      "Repository": "Bioconductor 3.20"
    },
    "DESeq2": {
      "Package": "DESeq2",
      "Version": "1.46.0",
      "Source": "Bioconductor",
      "Repository": "Bioconductor 3.20"
    },
    "edgeR": {
      "Package": "edgeR",
      "Version": "4.4.1",
      "Source": "Bioconductor",
      "Repository": "Bioconductor 3.20"
    },
    "limma": {
      "Package": "limma",
      "Version": "3.62.1",
      "Source": "Bioconductor",
      "Repository": "Bioconductor 3.20"
    },
    "apeglm": {
      "Package": "apeglm",
      "Version": "1.28.0",
      "Source": "Bioconductor",
      "Repository": "Bioconductor 3.20"
    },
    "matrixStats": {
      "Package": "matrixStats",
      "Version": "1.4.1",
      "Source": "Repository",
      "Repository": "CRAN"
    },
    "locfit": {
      "Package": "locfit",
      "Version": "1.5-9.10",
      "Source": "Repository",
      "Repository": "CRAN"
    },
    "statmod": {
      "Package": "statmod",
      "Version": "1.5.0",
      "Source": "Repository",
      "Repository": "CRAN"
    },
    "Rcpp": {
      "Package": "Rcpp",
      "Version": "1.0.13",
      "Source": "Repository",
      "Repository": "CRAN"
    },
    "here": {
      "Package": "here",
      "Version": "1.0.1",
      "Source": "Repository",
      "Repository": "CRAN"
    },
    "yaml": {
      "Package": "yaml",
      "Version": "2.3.10",
      "Source": "Repository",
      "Repository": "CRAN"
    },
    "ggplot2": {
      "Package": "ggplot2",
      "Version": "3.5.1",
      "Source": "Repository",
      "Repository": "CRAN"
    },
    "pheatmap": {
      "Package": "pheatmap",
      "Version": "1.0.12",
      "Source": "Repository",
      "Repository": "CRAN"
    },
    "data.table": {
      "Package": "data.table",
      "Version": "1.16.2",
      "Source": "Repository",
      "Repository": "CRAN"
    },
    "knitr": {
      "Package": "knitr",
      "Version": "1.49",
      "Source": "Repository",
      "Repository": "CRAN"
    },
    "rmarkdown": {
      "Package": "rmarkdown",
      "Version": "2.29",
      "Source": "Repository",
      "Repository": "CRAN"
    }
  }
}
