{
  "R": {
    "Version": "4.6.1",
    "Repositories": [
      {
        "Name": "CRAN",
        "URL": "https://packagemanager.posit.co/cran/latest"
      },
      {
        "Name": "BioCsoft",
        "URL": "https://bioconductor.org/packages/3.23/bioc"
      },
      {
        "Name": "BioCann",
        "URL": "https://bioconductor.org/packages/3.23/data/annotation"
      },
      {
        "Name": "BioCexp",
        "URL": "https://bioconductor.org/packages/3.23/data/experiment"
      },
      {
        "Name": "BioCworkflows",
        "URL": "https://bioconductor.org/packages/3.23/workflows"
      }
    ]
  },
  "Bioconductor": {
    "Version": "3.23"
  },
  "Packages": {
    "renv": {
      "Package": "renv",
      "Version": "1.2.3",
      "Source": "Repository",
      "Repository": "CRAN"
    },
    "here": {
      "Package": "here",
      "Version": "1.0.1",
      "Source": "Repository",
      "Repository": "CRAN"
    },
    "yaml": {
      "Package": "yaml",
      "Version": "2.3.10",
      "Source": "Repository",
      "Repository": "CRAN"
    },
    "jsonlite": {
      "Package": "jsonlite",
      "Version": "1.8.9",
      "Source": "Repository",
      "Repository": "CRAN"
    },
    "ggplot2": {
      "Package": "ggplot2",
      "Version": "3.5.1",
      "Source": "Repository",
      "Repository": "CRAN"
    },
    "matrixStats": {
      "Package": "matrixStats",
      "Version": "1.4.1",
      "Source": "Repository",
      "Repository": "CRAN"
    },
    "BiocGenerics": {
      "Package": "BiocGenerics",
      "Version": "0.58.0",
      "Source": "Bioconductor",
      "Repository": "Bioconductor 3.23"
    },
    "S4Vectors": {
      "Package": "S4Vectors",
      "Version": "0.50.0",
      "Source": "Bioconductor",
      "Repository": "Bioconductor 3.23"
    },
    "IRanges": {
      "Package": "IRanges",
      "Version": "2.46.0",
      "Source": "Bioconductor",
      "Repository": "Bioconductor 3.23"
    },
    "GenomeInfoDb": {
      "Package": "GenomeInfoDb",
      "Version": "1.48.0",
      "Source": "Bioconductor",
      "Repository": "Bioconductor 3.23"
    },
    "MatrixGenerics": {
      "Package": "MatrixGenerics",
      "Version": "1.24.0",
      "Source": "Bioconductor",
      "Repository": "Bioconductor 3.23"
    },
    "Biobase": {
      "Package": "Biobase",
      "Version": "2.72.0",
      "Source": "Bioconductor",
      "Repository": "Bioconductor 3.23"
    },
    "GenomicRanges": {
      "Package": "GenomicRanges",
      "Version": "1.64.0",
      "Source": "Bioconductor",
      "Repository": "Bioconductor 3.23"
    },
    "SummarizedExperiment": {
      "Package": "SummarizedExperiment",
      "Version": "1.42.0",
      "Source": "Bioconductor",
      "Repository": "Bioconductor 3.23"
    },
    "AnnotationDbi": {
      "Package": "AnnotationDbi",
      "Version": "1.74.0",
      "Source": "Bioconductor",
      "Repository": "Bioconductor 3.23"
    },
    "GenomicFeatures": {
      "Package": "GenomicFeatures",
      "Version": "1.64.0",
      "Source": "Bioconductor",
      "Repository": "Bioconductor 3.23"
    },
    "tximport": {
      "Package": "tximport",
      "Version": "1.40.0",
      "Source": "Bioconductor",
      "Repository": "Bioconductor 3.23"
    },
    "tximeta": {
      "Package": "tximeta",
      "Version": "1.30.0",
      "Source": "Bioconductor",
      "Repository": "Bioconductor 3.23"
    }
  }
}
